
Microsoft Visual Studio Solution File, Format Version 12.00
# Visual Studio Version 17
VisualStudioVersion = 17.12.35707.178
MinimumVisualStudioVersion = 10.0.40219.1
Project("{FAE04EC0-301F-11D3-BF4B-00C04F79EFBC}") = "UserInterface", "UserInterface\UserInterface.csproj", "{782A076D-7404-4052-8BD8-78FA5C1B4CBD}"
EndProject
Project("{FAE04EC0-301F-11D3-BF4B-00C04F79EFBC}") = "DataAccessLayer", "DataAccessLayer\DataAccessLayer.csproj", "{DD100AF0-7C7B-42F7-9EB7-F335FE0990D0}"
EndProject
Global
	GlobalSection(SolutionConfigurationPlatforms) = preSolution
		Debug|Any CPU = Debug|Any CPU
		Release|Any CPU = Release|Any CPU
	EndGlobalSection
	GlobalSection(ProjectConfigurationPlatforms) = postSolution
		{782A076D-7404-4052-8BD8-78FA5C1B4CBD}.Debug|Any CPU.ActiveCfg = Debug|Any CPU
		{782A076D-7404-4052-8BD8-78FA5C1B4CBD}.Debug|Any CPU.Build.0 = Debug|Any CPU
		{782A076D-7404-4052-8BD8-78FA5C1B4CBD}.Release|Any CPU.ActiveCfg = Release|Any CPU
		{782A076D-7404-4052-8BD8-78FA5C1B4CBD}.Release|Any CPU.Build.0 = Release|Any CPU
		{DD100AF0-7C7B-42F7-9EB7-F335FE0990D0}.Debug|Any CPU.ActiveCfg = Debug|Any CPU
		{DD100AF0-7C7B-42F7-9EB7-F335FE0990D0}.Debug|Any CPU.Build.0 = Debug|Any CPU
		{DD100AF0-7C7B-42F7-9EB7-F335FE0990D0}.Release|Any CPU.ActiveCfg = Release|Any CPU
		{DD100AF0-7C7B-42F7-9EB7-F335FE0990D0}.Release|Any CPU.Build.0 = Release|Any CPU
	EndGlobalSection
	GlobalSection(SolutionProperties) = preSolution
		HideSolutionNode = FALSE
	EndGlobalSection
	GlobalSection(ExtensibilityGlobals) = postSolution
		SolutionGuid = {ACCA0DCE-F1CA-47BE-BA4E-C255961A0AB3}
	EndGlobalSection
EndGlobal
